
Microsoft Visual Studio Solution File, Format Version 12.00
# Visual Studio Version 17
VisualStudioVersion = 17.1.32414.318
MinimumVisualStudioVersion = 10.0.40219.1
Project("{FAE04EC0-301F-11D3-BF4B-00C04F79EFBC}") = "Wlkr.Core.SDK", "Wlkr.Core.SDK\Wlkr.Core.SDK.csproj", "{A3C2C7F2-CCFC-4D45-91C0-775AE6C74942}"
EndProject
Project("{FAE04EC0-301F-11D3-BF4B-00C04F79EFBC}") = "Wlkr.Core.ThreadUtils", "Wlkr.Core.ThreadUtils\Wlkr.Core.ThreadUtils.csproj", "{F232CEE9-6D7D-4FDF-AC14-5352C30165E5}"
EndProject
Global
	GlobalSection(SolutionConfigurationPlatforms) = preSolution
		Debug|Any CPU = Debug|Any CPU
		Release|Any CPU = Release|Any CPU
	EndGlobalSection
	GlobalSection(ProjectConfigurationPlatforms) = postSolution
		{A3C2C7F2-CCFC-4D45-91C0-775AE6C74942}.Debug|Any CPU.ActiveCfg = Debug|Any CPU
		{A3C2C7F2-CCFC-4D45-91C0-775AE6C74942}.Debug|Any CPU.Build.0 = Debug|Any CPU
		{A3C2C7F2-CCFC-4D45-91C0-775AE6C74942}.Release|Any CPU.ActiveCfg = Release|Any CPU
		{A3C2C7F2-CCFC-4D45-91C0-775AE6C74942}.Release|Any CPU.Build.0 = Release|Any CPU
		{F232CEE9-6D7D-4FDF-AC14-5352C30165E5}.Debug|Any CPU.ActiveCfg = Debug|Any CPU
		{F232CEE9-6D7D-4FDF-AC14-5352C30165E5}.Debug|Any CPU.Build.0 = Debug|Any CPU
		{F232CEE9-6D7D-4FDF-AC14-5352C30165E5}.Release|Any CPU.ActiveCfg = Release|Any CPU
		{F232CEE9-6D7D-4FDF-AC14-5352C30165E5}.Release|Any CPU.Build.0 = Release|Any CPU
	EndGlobalSection
	GlobalSection(SolutionProperties) = preSolution
		HideSolutionNode = FALSE
	EndGlobalSection
	GlobalSection(ExtensibilityGlobals) = postSolution
		SolutionGuid = {47519327-E563-493D-98E9-5E02E9AC0CAD}
	EndGlobalSection
EndGlobal
