
Microsoft Visual Studio Solution File, Format Version 12.00
# Visual Studio Version 17
VisualStudioVersion = 17.1.32414.318
MinimumVisualStudioVersion = 10.0.40219.1
Project("{9A19103F-16F7-4668-BE54-9A1E7A4F7556}") = "Wlkr.Core.SDK", "Wlkr.Core.SDK\Wlkr.Core.SDK.csproj", "{A3C2C7F2-CCFC-4D45-91C0-775AE6C74942}"
EndProject
Project("{9A19103F-16F7-4668-BE54-9A1E7A4F7556}") = "Wlkr.Core.ThreadUtils", "Wlkr.Core.ThreadUtils\Wlkr.Core.ThreadUtils\Wlkr.Core.ThreadUtils.csproj", "{47228D4F-21A3-4C04-8BD6-3FE78334C9D3}"
EndProject
Project("{9A19103F-16F7-4668-BE54-9A1E7A4F7556}") = "Wlkr.Core.EFCore.SqlServer", "Wlkr.Core.EFCore\Wlkr.Core.EFCore.SqlServer\Wlkr.Core.EFCore.SqlServer.csproj", "{306CC2D4-ABC2-4398-8012-EFF356430AFC}"
EndProject
Global
	GlobalSection(SolutionConfigurationPlatforms) = preSolution
		Debug|Any CPU = Debug|Any CPU
		Release|Any CPU = Release|Any CPU
	EndGlobalSection
	GlobalSection(ProjectConfigurationPlatforms) = postSolution
		{A3C2C7F2-CCFC-4D45-91C0-775AE6C74942}.Debug|Any CPU.ActiveCfg = Debug|Any CPU
		{A3C2C7F2-CCFC-4D45-91C0-775AE6C74942}.Debug|Any CPU.Build.0 = Debug|Any CPU
		{A3C2C7F2-CCFC-4D45-91C0-775AE6C74942}.Release|Any CPU.ActiveCfg = Release|Any CPU
		{A3C2C7F2-CCFC-4D45-91C0-775AE6C74942}.Release|Any CPU.Build.0 = Release|Any CPU
		{47228D4F-21A3-4C04-8BD6-3FE78334C9D3}.Debug|Any CPU.ActiveCfg = Debug|Any CPU
		{47228D4F-21A3-4C04-8BD6-3FE78334C9D3}.Debug|Any CPU.Build.0 = Debug|Any CPU
		{47228D4F-21A3-4C04-8BD6-3FE78334C9D3}.Release|Any CPU.ActiveCfg = Release|Any CPU
		{47228D4F-21A3-4C04-8BD6-3FE78334C9D3}.Release|Any CPU.Build.0 = Release|Any CPU
		{306CC2D4-ABC2-4398-8012-EFF356430AFC}.Debug|Any CPU.ActiveCfg = Debug|Any CPU
		{306CC2D4-ABC2-4398-8012-EFF356430AFC}.Debug|Any CPU.Build.0 = Debug|Any CPU
		{306CC2D4-ABC2-4398-8012-EFF356430AFC}.Release|Any CPU.ActiveCfg = Release|Any CPU
		{306CC2D4-ABC2-4398-8012-EFF356430AFC}.Release|Any CPU.Build.0 = Release|Any CPU
	EndGlobalSection
	GlobalSection(SolutionProperties) = preSolution
		HideSolutionNode = FALSE
	EndGlobalSection
	GlobalSection(ExtensibilityGlobals) = postSolution
		SolutionGuid = {47519327-E563-493D-98E9-5E02E9AC0CAD}
	EndGlobalSection
EndGlobal
